PODS:
  - CrashlyticsFramework (2.1.5)
  - TestFlightSDK (2.2.1-beta)

DEPENDENCIES:
  - CrashlyticsFramework (from `https://github.com/bpoplauschi/CrashlyticsFramework.git`)
  - TestFlightSDK (~> 2.1)

EXTERNAL SOURCES:
  CrashlyticsFramework:
    :git: https://github.com/bpoplauschi/CrashlyticsFramework.git

SPEC CHECKSUMS:
  CrashlyticsFramework: 78713ba464a60bcc7885e8d242c7534691304b3e
  TestFlightSDK: 4249c2f70e621bcfbdebf019073169c8fe36be13

COCOAPODS: 0.29.0
